
Microsoft Visual Studio Solution File, Format Version 12.00
# Visual Studio 14
VisualStudioVersion = 14.0.25420.1
MinimumVisualStudioVersion = 10.0.40219.1
Project("{2150E333-8FDC-42A3-9474-1A3956D46DE8}") = "src", "src", "{E231BBC0-94E8-4DAB-88C2-251C5A45335F}"
EndProject
Project("{2150E333-8FDC-42A3-9474-1A3956D46DE8}") = "Solution Items", "Solution Items", "{03D3C4A6-8104-4EAF-9E86-E5CBFF5A5716}"
	ProjectSection(SolutionItems) = preProject
		global.json = global.json
	EndProjectSection
EndProject
Project("{2150E333-8FDC-42A3-9474-1A3956D46DE8}") = "test", "test", "{8B2E5CAD-6FFC-4BAF-A2AE-E2C036A4C637}"
EndProject
Project("{2150E333-8FDC-42A3-9474-1A3956D46DE8}") = "sample", "sample", "{6B402A4F-5C20-402C-8955-8451F2FC0CFD}"
EndProject
Project("{8BB2217D-0F2D-49D1-97BC-3654ED321F3B}") = "TestWebApp", "sample\TestWebApp\TestWebApp.xproj", "{FB4AA63C-ED4D-46C1-A437-32E0DC793BEC}"
EndProject
Project("{8BB2217D-0F2D-49D1-97BC-3654ED321F3B}") = "TestWebAppIdentity", "sample\TestWebAppIdentity\TestWebAppIdentity.xproj", "{79267058-9FB7-461D-9713-62898AD4178D}"
EndProject
Project("{8BB2217D-0F2D-49D1-97BC-3654ED321F3B}") = "PaulMiami.AspNetCore.Authentication.Authenticator.Test", "test\Authentication.Authenticator.Test\PaulMiami.AspNetCore.Authentication.Authenticator.Test.xproj", "{088ED385-C9F9-4DEB-BCC8-93F2F5E209AF}"
EndProject
Project("{8BB2217D-0F2D-49D1-97BC-3654ED321F3B}") = "PaulMiami.AspNetCore.Identity.Authenticator.Test", "test\Identity.Authenticator.Test\PaulMiami.AspNetCore.Identity.Authenticator.Test.xproj", "{BC83E791-A9FE-42E1-9FE6-833AB10314F1}"
EndProject
Project("{8BB2217D-0F2D-49D1-97BC-3654ED321F3B}") = "PaulMiami.AspNetCore.Authentication.Authenticator", "src\PaulMiami.AspNetCore.Authentication.Authenticator\PaulMiami.AspNetCore.Authentication.Authenticator.xproj", "{0F37C5F5-8F2F-40DF-93A7-F807515DAC3C}"
EndProject
Project("{8BB2217D-0F2D-49D1-97BC-3654ED321F3B}") = "PaulMiami.AspNetCore.Identity.Authenticator", "src\PaulMiami.AspNetCore.Identity.Authenticator\PaulMiami.AspNetCore.Identity.Authenticator.xproj", "{F5A98D51-CC6A-4B6A-80DF-A36F84F3849F}"
EndProject
Project("{8BB2217D-0F2D-49D1-97BC-3654ED321F3B}") = "PaulMiami.AspNetCore.Identity.Authenticator.EntityFrameworkCore.Test", "test\Identity.Authenticator.EntityFrameworkCore.Test\PaulMiami.AspNetCore.Identity.Authenticator.EntityFrameworkCore.Test.xproj", "{EEF398CB-4542-49B3-BDD4-E8ECC6F0DE3B}"
EndProject
Project("{8BB2217D-0F2D-49D1-97BC-3654ED321F3B}") = "PaulMiami.AspNetCore.Identity.Authenticator.EntityFrameworkCore", "src\PaulMiami.AspNetCore.Identity.Authenticator.EntityFrameworkCore\PaulMiami.AspNetCore.Identity.Authenticator.EntityFrameworkCore.xproj", "{F23017C7-9FF9-4E72-81B5-0F33CE0680DD}"
EndProject
Project("{2150E333-8FDC-42A3-9474-1A3956D46DE8}") = "WebSites", "WebSites", "{3A3427F8-E96C-440F-A52E-A144BCAAEC62}"
EndProject
Project("{8BB2217D-0F2D-49D1-97BC-3654ED321F3B}") = "TestSite", "test\WebSites\TestSite\TestSite.xproj", "{0BDD367A-4F7C-4C10-9076-DC752BBA2AAB}"
EndProject
Global
	GlobalSection(SolutionConfigurationPlatforms) = preSolution
		Debug|Any CPU = Debug|Any CPU
		Release|Any CPU = Release|Any CPU
	EndGlobalSection
	GlobalSection(ProjectConfigurationPlatforms) = postSolution
		{FB4AA63C-ED4D-46C1-A437-32E0DC793BEC}.Debug|Any CPU.ActiveCfg = Debug|Any CPU
		{FB4AA63C-ED4D-46C1-A437-32E0DC793BEC}.Debug|Any CPU.Build.0 = Debug|Any CPU
		{FB4AA63C-ED4D-46C1-A437-32E0DC793BEC}.Release|Any CPU.ActiveCfg = Release|Any CPU
		{FB4AA63C-ED4D-46C1-A437-32E0DC793BEC}.Release|Any CPU.Build.0 = Release|Any CPU
		{79267058-9FB7-461D-9713-62898AD4178D}.Debug|Any CPU.ActiveCfg = Debug|Any CPU
		{79267058-9FB7-461D-9713-62898AD4178D}.Debug|Any CPU.Build.0 = Debug|Any CPU
		{79267058-9FB7-461D-9713-62898AD4178D}.Release|Any CPU.ActiveCfg = Release|Any CPU
		{79267058-9FB7-461D-9713-62898AD4178D}.Release|Any CPU.Build.0 = Release|Any CPU
		{088ED385-C9F9-4DEB-BCC8-93F2F5E209AF}.Debug|Any CPU.ActiveCfg = Debug|Any CPU
		{088ED385-C9F9-4DEB-BCC8-93F2F5E209AF}.Debug|Any CPU.Build.0 = Debug|Any CPU
		{088ED385-C9F9-4DEB-BCC8-93F2F5E209AF}.Release|Any CPU.ActiveCfg = Release|Any CPU
		{088ED385-C9F9-4DEB-BCC8-93F2F5E209AF}.Release|Any CPU.Build.0 = Release|Any CPU
		{BC83E791-A9FE-42E1-9FE6-833AB10314F1}.Debug|Any CPU.ActiveCfg = Debug|Any CPU
		{BC83E791-A9FE-42E1-9FE6-833AB10314F1}.Debug|Any CPU.Build.0 = Debug|Any CPU
		{BC83E791-A9FE-42E1-9FE6-833AB10314F1}.Release|Any CPU.ActiveCfg = Release|Any CPU
		{BC83E791-A9FE-42E1-9FE6-833AB10314F1}.Release|Any CPU.Build.0 = Release|Any CPU
		{0F37C5F5-8F2F-40DF-93A7-F807515DAC3C}.Debug|Any CPU.ActiveCfg = Debug|Any CPU
		{0F37C5F5-8F2F-40DF-93A7-F807515DAC3C}.Debug|Any CPU.Build.0 = Debug|Any CPU
		{0F37C5F5-8F2F-40DF-93A7-F807515DAC3C}.Release|Any CPU.ActiveCfg = Release|Any CPU
		{0F37C5F5-8F2F-40DF-93A7-F807515DAC3C}.Release|Any CPU.Build.0 = Release|Any CPU
		{F5A98D51-CC6A-4B6A-80DF-A36F84F3849F}.Debug|Any CPU.ActiveCfg = Debug|Any CPU
		{F5A98D51-CC6A-4B6A-80DF-A36F84F3849F}.Debug|Any CPU.Build.0 = Debug|Any CPU
		{F5A98D51-CC6A-4B6A-80DF-A36F84F3849F}.Release|Any CPU.ActiveCfg = Release|Any CPU
		{F5A98D51-CC6A-4B6A-80DF-A36F84F3849F}.Release|Any CPU.Build.0 = Release|Any CPU
		{EEF398CB-4542-49B3-BDD4-E8ECC6F0DE3B}.Debug|Any CPU.ActiveCfg = Debug|Any CPU
		{EEF398CB-4542-49B3-BDD4-E8ECC6F0DE3B}.Debug|Any CPU.Build.0 = Debug|Any CPU
		{EEF398CB-4542-49B3-BDD4-E8ECC6F0DE3B}.Release|Any CPU.ActiveCfg = Release|Any CPU
		{EEF398CB-4542-49B3-BDD4-E8ECC6F0DE3B}.Release|Any CPU.Build.0 = Release|Any CPU
		{F23017C7-9FF9-4E72-81B5-0F33CE0680DD}.Debug|Any CPU.ActiveCfg = Debug|Any CPU
		{F23017C7-9FF9-4E72-81B5-0F33CE0680DD}.Debug|Any CPU.Build.0 = Debug|Any CPU
		{F23017C7-9FF9-4E72-81B5-0F33CE0680DD}.Release|Any CPU.ActiveCfg = Release|Any CPU
		{F23017C7-9FF9-4E72-81B5-0F33CE0680DD}.Release|Any CPU.Build.0 = Release|Any CPU
		{0BDD367A-4F7C-4C10-9076-DC752BBA2AAB}.Debug|Any CPU.ActiveCfg = Debug|Any CPU
		{0BDD367A-4F7C-4C10-9076-DC752BBA2AAB}.Debug|Any CPU.Build.0 = Debug|Any CPU
		{0BDD367A-4F7C-4C10-9076-DC752BBA2AAB}.Release|Any CPU.ActiveCfg = Release|Any CPU
		{0BDD367A-4F7C-4C10-9076-DC752BBA2AAB}.Release|Any CPU.Build.0 = Release|Any CPU
	EndGlobalSection
	GlobalSection(SolutionProperties) = preSolution
		HideSolutionNode = FALSE
	EndGlobalSection
	GlobalSection(NestedProjects) = preSolution
		{FB4AA63C-ED4D-46C1-A437-32E0DC793BEC} = {6B402A4F-5C20-402C-8955-8451F2FC0CFD}
		{79267058-9FB7-461D-9713-62898AD4178D} = {6B402A4F-5C20-402C-8955-8451F2FC0CFD}
		{088ED385-C9F9-4DEB-BCC8-93F2F5E209AF} = {8B2E5CAD-6FFC-4BAF-A2AE-E2C036A4C637}
		{BC83E791-A9FE-42E1-9FE6-833AB10314F1} = {8B2E5CAD-6FFC-4BAF-A2AE-E2C036A4C637}
		{0F37C5F5-8F2F-40DF-93A7-F807515DAC3C} = {E231BBC0-94E8-4DAB-88C2-251C5A45335F}
		{F5A98D51-CC6A-4B6A-80DF-A36F84F3849F} = {E231BBC0-94E8-4DAB-88C2-251C5A45335F}
		{EEF398CB-4542-49B3-BDD4-E8ECC6F0DE3B} = {8B2E5CAD-6FFC-4BAF-A2AE-E2C036A4C637}
		{F23017C7-9FF9-4E72-81B5-0F33CE0680DD} = {E231BBC0-94E8-4DAB-88C2-251C5A45335F}
		{3A3427F8-E96C-440F-A52E-A144BCAAEC62} = {8B2E5CAD-6FFC-4BAF-A2AE-E2C036A4C637}
		{0BDD367A-4F7C-4C10-9076-DC752BBA2AAB} = {3A3427F8-E96C-440F-A52E-A144BCAAEC62}
	EndGlobalSection
EndGlobal
