
Microsoft Visual Studio Solution File, Format Version 12.00
# Visual Studio 14
VisualStudioVersion = 14.0.25420.1
MinimumVisualStudioVersion = 10.0.40219.1
Project("{2150E333-8FDC-42A3-9474-1A3956D46DE8}") = "src", "src", "{E231BBC0-94E8-4DAB-88C2-251C5A45335F}"
EndProject
Project("{2150E333-8FDC-42A3-9474-1A3956D46DE8}") = "Solution Items", "Solution Items", "{03D3C4A6-8104-4EAF-9E86-E5CBFF5A5716}"
	ProjectSection(SolutionItems) = preProject
		global.json = global.json
	EndProjectSection
EndProject
Project("{8BB2217D-0F2D-49D1-97BC-3654ED321F3B}") = "PaulMiami.AspNetCore.Authentication.Authenticator", "src\PaulMiami.AspNetCore.Authentication.Authenticator\PaulMiami.AspNetCore.Authentication.Authenticator.xproj", "{0F37C5F5-8F2F-40DF-93A7-F807515DAC3C}"
EndProject
Project("{2150E333-8FDC-42A3-9474-1A3956D46DE8}") = "test", "test", "{8B2E5CAD-6FFC-4BAF-A2AE-E2C036A4C637}"
EndProject
Project("{8BB2217D-0F2D-49D1-97BC-3654ED321F3B}") = "PaulMiami.AspNetCore.Authentication.Authenticator.Test", "test\PaulMiami.AspNetCore.Authentication.Authenticator.Test\PaulMiami.AspNetCore.Authentication.Authenticator.Test.xproj", "{088ED385-C9F9-4DEB-BCC8-93F2F5E209AF}"
EndProject
Project("{2150E333-8FDC-42A3-9474-1A3956D46DE8}") = "sample", "sample", "{6B402A4F-5C20-402C-8955-8451F2FC0CFD}"
EndProject
Project("{8BB2217D-0F2D-49D1-97BC-3654ED321F3B}") = "TestWebApp", "sample\TestWebApp\TestWebApp.xproj", "{FB4AA63C-ED4D-46C1-A437-32E0DC793BEC}"
EndProject
Global
	GlobalSection(SolutionConfigurationPlatforms) = preSolution
		Debug|Any CPU = Debug|Any CPU
		Release|Any CPU = Release|Any CPU
	EndGlobalSection
	GlobalSection(ProjectConfigurationPlatforms) = postSolution
		{0F37C5F5-8F2F-40DF-93A7-F807515DAC3C}.Debug|Any CPU.ActiveCfg = Debug|Any CPU
		{0F37C5F5-8F2F-40DF-93A7-F807515DAC3C}.Debug|Any CPU.Build.0 = Debug|Any CPU
		{0F37C5F5-8F2F-40DF-93A7-F807515DAC3C}.Release|Any CPU.ActiveCfg = Release|Any CPU
		{0F37C5F5-8F2F-40DF-93A7-F807515DAC3C}.Release|Any CPU.Build.0 = Release|Any CPU
		{088ED385-C9F9-4DEB-BCC8-93F2F5E209AF}.Debug|Any CPU.ActiveCfg = Debug|Any CPU
		{088ED385-C9F9-4DEB-BCC8-93F2F5E209AF}.Debug|Any CPU.Build.0 = Debug|Any CPU
		{088ED385-C9F9-4DEB-BCC8-93F2F5E209AF}.Release|Any CPU.ActiveCfg = Release|Any CPU
		{088ED385-C9F9-4DEB-BCC8-93F2F5E209AF}.Release|Any CPU.Build.0 = Release|Any CPU
		{FB4AA63C-ED4D-46C1-A437-32E0DC793BEC}.Debug|Any CPU.ActiveCfg = Debug|Any CPU
		{FB4AA63C-ED4D-46C1-A437-32E0DC793BEC}.Debug|Any CPU.Build.0 = Debug|Any CPU
		{FB4AA63C-ED4D-46C1-A437-32E0DC793BEC}.Release|Any CPU.ActiveCfg = Release|Any CPU
		{FB4AA63C-ED4D-46C1-A437-32E0DC793BEC}.Release|Any CPU.Build.0 = Release|Any CPU
	EndGlobalSection
	GlobalSection(SolutionProperties) = preSolution
		HideSolutionNode = FALSE
	EndGlobalSection
	GlobalSection(NestedProjects) = preSolution
		{0F37C5F5-8F2F-40DF-93A7-F807515DAC3C} = {E231BBC0-94E8-4DAB-88C2-251C5A45335F}
		{088ED385-C9F9-4DEB-BCC8-93F2F5E209AF} = {8B2E5CAD-6FFC-4BAF-A2AE-E2C036A4C637}
		{FB4AA63C-ED4D-46C1-A437-32E0DC793BEC} = {6B402A4F-5C20-402C-8955-8451F2FC0CFD}
	EndGlobalSection
EndGlobal
